// !$*UTF8*$!
{
	archiveVersion = 1;
	classes = {
	};
	objectVersion = 56;
	objects = {

/* Begin PBXBuildFile section */
		943EBEA72C02094B0076D253 /* Fin_s_AdventureApp.swift in Sources */ = {isa = PBXBuildFile; fileRef = 943EBEA62C02094B0076D253 /* Fin_s_AdventureApp.swift */; };
		943EBEAB2C02094C0076D253 /* Assets.xcassets in Resources */ = {isa = PBXBuildFile; fileRef = 943EBEAA2C02094C0076D253 /* Assets.xcassets */; };
		943EBEAE2C02094C0076D253 /* Preview Assets.xcassets in Resources */ = {isa = PBXBuildFile; fileRef = 943EBEAD2C02094C0076D253 /* Preview Assets.xcassets */; };
		943EBEBD2C0209800076D253 /* ButtonSound.mp3 in Resources */ = {isa = PBXBuildFile; fileRef = 943EBEB52C0209800076D253 /* ButtonSound.mp3 */; };
		943EBEBE2C0209800076D253 /* bad.mp3 in Resources */ = {isa = PBXBuildFile; fileRef = 943EBEB62C0209800076D253 /* bad.mp3 */; };
		943EBEBF2C0209800076D253 /* BG1.mp3 in Resources */ = {isa = PBXBuildFile; fileRef = 943EBEB72C0209800076D253 /* BG1.mp3 */; };
		943EBEC02C0209800076D253 /* winMusic.mp3 in Resources */ = {isa = PBXBuildFile; fileRef = 943EBEB82C0209800076D253 /* winMusic.mp3 */; };
		943EBEC12C0209800076D253 /* loseMusic.mp3 in Resources */ = {isa = PBXBuildFile; fileRef = 943EBEB92C0209800076D253 /* loseMusic.mp3 */; };
		943EBEC22C0209800076D253 /* good.mp3 in Resources */ = {isa = PBXBuildFile; fileRef = 943EBEBA2C0209800076D253 /* good.mp3 */; };
		943EBEC32C0209800076D253 /* jump.mp3 in Resources */ = {isa = PBXBuildFile; fileRef = 943EBEBB2C0209800076D253 /* jump.mp3 */; };
		943EBEC42C0209800076D253 /* BGM.mp3 in Resources */ = {isa = PBXBuildFile; fileRef = 943EBEBC2C0209800076D253 /* BGM.mp3 */; };
		943EBECC2C0209980076D253 /* GameOver.swift in Sources */ = {isa = PBXBuildFile; fileRef = 943EBEC62C0209980076D253 /* GameOver.swift */; };
		943EBECD2C0209980076D253 /* EnemyHandling.swift in Sources */ = {isa = PBXBuildFile; fileRef = 943EBEC72C0209980076D253 /* EnemyHandling.swift */; };
		943EBECE2C0209980076D253 /* SoundManager.swift in Sources */ = {isa = PBXBuildFile; fileRef = 943EBEC82C0209980076D253 /* SoundManager.swift */; };
		943EBECF2C0209980076D253 /* GameScene.swift in Sources */ = {isa = PBXBuildFile; fileRef = 943EBEC92C0209980076D253 /* GameScene.swift */; };
		943EBED02C0209980076D253 /* setupPlayer.swift in Sources */ = {isa = PBXBuildFile; fileRef = 943EBECA2C0209980076D253 /* setupPlayer.swift */; };
		943EBED12C0209980076D253 /* setupScene.swift in Sources */ = {isa = PBXBuildFile; fileRef = 943EBECB2C0209980076D253 /* setupScene.swift */; };
		943EBED72C0209AD0076D253 /* Timer.swift in Sources */ = {isa = PBXBuildFile; fileRef = 943EBED42C0209AD0076D253 /* Timer.swift */; };
		943EBED82C0209AD0076D253 /* HealthBarView.swift in Sources */ = {isa = PBXBuildFile; fileRef = 943EBED52C0209AD0076D253 /* HealthBarView.swift */; };
		943EBED92C0209AD0076D253 /* BackgroundViewModel.swift in Sources */ = {isa = PBXBuildFile; fileRef = 943EBED62C0209AD0076D253 /* BackgroundViewModel.swift */; };
		943EBEDC2C0209B40076D253 /* OnboardingView.swift in Sources */ = {isa = PBXBuildFile; fileRef = 943EBEDA2C0209B40076D253 /* OnboardingView.swift */; };
		943EBEDD2C0209B40076D253 /* ContentView.swift in Sources */ = {isa = PBXBuildFile; fileRef = 943EBEDB2C0209B40076D253 /* ContentView.swift */; };
/* End PBXBuildFile section */

/* Begin PBXFileReference section */
		943EBEA32C02094B0076D253 /* Fin's Adventure.app */ = {isa = PBXFileReference; explicitFileType = wrapper.application; includeInIndex = 0; path = "Fin's Adventure.app"; sourceTree = BUILT_PRODUCTS_DIR; };
		943EBEA62C02094B0076D253 /* Fin_s_AdventureApp.swift */ = {isa = PBXFileReference; lastKnownFileType = sourcecode.swift; path = Fin_s_AdventureApp.swift; sourceTree = "<group>"; };
		943EBEAA2C02094C0076D253 /* Assets.xcassets */ = {isa = PBXFileReference; lastKnownFileType = folder.assetcatalog; path = Assets.xcassets; sourceTree = "<group>"; };
		943EBEAD2C02094C0076D253 /* Preview Assets.xcassets */ = {isa = PBXFileReference; lastKnownFileType = folder.assetcatalog; path = "Preview Assets.xcassets"; sourceTree = "<group>"; };
		943EBEB52C0209800076D253 /* ButtonSound.mp3 */ = {isa = PBXFileReference; lastKnownFileType = audio.mp3; path = ButtonSound.mp3; sourceTree = "<group>"; };
		943EBEB62C0209800076D253 /* bad.mp3 */ = {isa = PBXFileReference; lastKnownFileType = audio.mp3; path = bad.mp3; sourceTree = "<group>"; };
		943EBEB72C0209800076D253 /* BG1.mp3 */ = {isa = PBXFileReference; lastKnownFileType = audio.mp3; path = BG1.mp3; sourceTree = "<group>"; };
		943EBEB82C0209800076D253 /* winMusic.mp3 */ = {isa = PBXFileReference; lastKnownFileType = audio.mp3; path = winMusic.mp3; sourceTree = "<group>"; };
		943EBEB92C0209800076D253 /* loseMusic.mp3 */ = {isa = PBXFileReference; lastKnownFileType = audio.mp3; path = loseMusic.mp3; sourceTree = "<group>"; };
		943EBEBA2C0209800076D253 /* good.mp3 */ = {isa = PBXFileReference; lastKnownFileType = audio.mp3; path = good.mp3; sourceTree = "<group>"; };
		943EBEBB2C0209800076D253 /* jump.mp3 */ = {isa = PBXFileReference; lastKnownFileType = audio.mp3; path = jump.mp3; sourceTree = "<group>"; };
		943EBEBC2C0209800076D253 /* BGM.mp3 */ = {isa = PBXFileReference; lastKnownFileType = audio.mp3; path = BGM.mp3; sourceTree = "<group>"; };
		943EBEC62C0209980076D253 /* GameOver.swift */ = {isa = PBXFileReference; fileEncoding = 4; lastKnownFileType = sourcecode.swift; path = GameOver.swift; sourceTree = "<group>"; };
		943EBEC72C0209980076D253 /* EnemyHandling.swift */ = {isa = PBXFileReference; fileEncoding = 4; lastKnownFileType = sourcecode.swift; path = EnemyHandling.swift; sourceTree = "<group>"; };
		943EBEC82C0209980076D253 /* SoundManager.swift */ = {isa = PBXFileReference; fileEncoding = 4; lastKnownFileType = sourcecode.swift; path = SoundManager.swift; sourceTree = "<group>"; };
		943EBEC92C0209980076D253 /* GameScene.swift */ = {isa = PBXFileReference; fileEncoding = 4; lastKnownFileType = sourcecode.swift; path = GameScene.swift; sourceTree = "<group>"; };
		943EBECA2C0209980076D253 /* setupPlayer.swift */ = {isa = PBXFileReference; fileEncoding = 4; lastKnownFileType = sourcecode.swift; path = setupPlayer.swift; sourceTree = "<group>"; };
		943EBECB2C0209980076D253 /* setupScene.swift */ = {isa = PBXFileReference; fileEncoding = 4; lastKnownFileType = sourcecode.swift; path = setupScene.swift; sourceTree = "<group>"; };
		943EBED42C0209AD0076D253 /* Timer.swift */ = {isa = PBXFileReference; fileEncoding = 4; lastKnownFileType = sourcecode.swift; path = Timer.swift; sourceTree = "<group>"; };
		943EBED52C0209AD0076D253 /* HealthBarView.swift */ = {isa = PBXFileReference; fileEncoding = 4; lastKnownFileType = sourcecode.swift; path = HealthBarView.swift; sourceTree = "<group>"; };
		943EBED62C0209AD0076D253 /* BackgroundViewModel.swift */ = {isa = PBXFileReference; fileEncoding = 4; lastKnownFileType = sourcecode.swift; path = BackgroundViewModel.swift; sourceTree = "<group>"; };
		943EBEDA2C0209B40076D253 /* OnboardingView.swift */ = {isa = PBXFileReference; fileEncoding = 4; lastKnownFileType = sourcecode.swift; path = OnboardingView.swift; sourceTree = "<group>"; };
		943EBEDB2C0209B40076D253 /* ContentView.swift */ = {isa = PBXFileReference; fileEncoding = 4; lastKnownFileType = sourcecode.swift; path = ContentView.swift; sourceTree = "<group>"; };
/* End PBXFileReference section */

/* Begin PBXFrameworksBuildPhase section */
		943EBEA02C02094B0076D253 /* Frameworks */ = {
			isa = PBXFrameworksBuildPhase;
			buildActionMask = 2147483647;
			files = (
			);
			runOnlyForDeploymentPostprocessing = 0;
		};
/* End PBXFrameworksBuildPhase section */

/* Begin PBXGroup section */
		943EBE9A2C02094B0076D253 = {
			isa = PBXGroup;
			children = (
				943EBEA52C02094B0076D253 /* Fin's Adventure */,
				943EBEA42C02094B0076D253 /* Products */,
			);
			sourceTree = "<group>";
		};
		943EBEA42C02094B0076D253 /* Products */ = {
			isa = PBXGroup;
			children = (
				943EBEA32C02094B0076D253 /* Fin's Adventure.app */,
			);
			name = Products;
			sourceTree = "<group>";
		};
		943EBEA52C02094B0076D253 /* Fin's Adventure */ = {
			isa = PBXGroup;
			children = (
				943EBED22C02099F0076D253 /* views */,
				943EBEC52C0209900076D253 /* ViewModel */,
				943EBEB42C0209760076D253 /* Resources */,
				943EBEA62C02094B0076D253 /* Fin_s_AdventureApp.swift */,
				943EBEAA2C02094C0076D253 /* Assets.xcassets */,
				943EBEAC2C02094C0076D253 /* Preview Content */,
			);
			path = "Fin's Adventure";
			sourceTree = "<group>";
		};
		943EBEAC2C02094C0076D253 /* Preview Content */ = {
			isa = PBXGroup;
			children = (
				943EBEAD2C02094C0076D253 /* Preview Assets.xcassets */,
			);
			path = "Preview Content";
			sourceTree = "<group>";
		};
		943EBEB42C0209760076D253 /* Resources */ = {
			isa = PBXGroup;
			children = (
				943EBEB62C0209800076D253 /* bad.mp3 */,
				943EBEB72C0209800076D253 /* BG1.mp3 */,
				943EBEBC2C0209800076D253 /* BGM.mp3 */,
				943EBEB52C0209800076D253 /* ButtonSound.mp3 */,
				943EBEBA2C0209800076D253 /* good.mp3 */,
				943EBEBB2C0209800076D253 /* jump.mp3 */,
				943EBEB92C0209800076D253 /* loseMusic.mp3 */,
				943EBEB82C0209800076D253 /* winMusic.mp3 */,
			);
			path = Resources;
			sourceTree = "<group>";
		};
		943EBEC52C0209900076D253 /* ViewModel */ = {
			isa = PBXGroup;
			children = (
				943EBEC72C0209980076D253 /* EnemyHandling.swift */,
				943EBEC62C0209980076D253 /* GameOver.swift */,
				943EBEC92C0209980076D253 /* GameScene.swift */,
				943EBECA2C0209980076D253 /* setupPlayer.swift */,
				943EBECB2C0209980076D253 /* setupScene.swift */,
				943EBEC82C0209980076D253 /* SoundManager.swift */,
			);
			path = ViewModel;
			sourceTree = "<group>";
		};
		943EBED22C02099F0076D253 /* views */ = {
			isa = PBXGroup;
			children = (
				943EBEDB2C0209B40076D253 /* ContentView.swift */,
				943EBEDA2C0209B40076D253 /* OnboardingView.swift */,
				943EBED32C0209A50076D253 /* ViewElements */,
			);
			path = views;
			sourceTree = "<group>";
		};
		943EBED32C0209A50076D253 /* ViewElements */ = {
			isa = PBXGroup;
			children = (
				943EBED62C0209AD0076D253 /* BackgroundViewModel.swift */,
				943EBED52C0209AD0076D253 /* HealthBarView.swift */,
				943EBED42C0209AD0076D253 /* Timer.swift */,
			);
			path = ViewElements;
			sourceTree = "<group>";
		};
/* End PBXGroup section */

/* Begin PBXNativeTarget section */
		943EBEA22C02094B0076D253 /* Fin's Adventure */ = {
			isa = PBXNativeTarget;
			buildConfigurationList = 943EBEB12C02094C0076D253 /* Build configuration list for PBXNativeTarget "Fin's Adventure" */;
			buildPhases = (
				943EBE9F2C02094B0076D253 /* Sources */,
				943EBEA02C02094B0076D253 /* Frameworks */,
				943EBEA12C02094B0076D253 /* Resources */,
			);
			buildRules = (
			);
			dependencies = (
			);
			name = "Fin's Adventure";
			productName = "Fin's Adventure";
			productReference = 943EBEA32C02094B0076D253 /* Fin's Adventure.app */;
			productType = "com.apple.product-type.application";
		};
/* End PBXNativeTarget section */

/* Begin PBXProject section */
		943EBE9B2C02094B0076D253 /* Project object */ = {
			isa = PBXProject;
			attributes = {
				BuildIndependentTargetsInParallel = 1;
				LastSwiftUpdateCheck = 1530;
				LastUpgradeCheck = 1530;
				TargetAttributes = {
					943EBEA22C02094B0076D253 = {
						CreatedOnToolsVersion = 15.3;
					};
				};
			};
			buildConfigurationList = 943EBE9E2C02094B0076D253 /* Build configuration list for PBXProject "Fin's Adventure" */;
			compatibilityVersion = "Xcode 14.0";
			developmentRegion = en;
			hasScannedForEncodings = 0;
			knownRegions = (
				en,
				Base,
			);
			mainGroup = 943EBE9A2C02094B0076D253;
			productRefGroup = 943EBEA42C02094B0076D253 /* Products */;
			projectDirPath = "";
			projectRoot = "";
			targets = (
				943EBEA22C02094B0076D253 /* Fin's Adventure */,
			);
		};
/* End PBXProject section */

/* Begin PBXResourcesBuildPhase section */
		943EBEA12C02094B0076D253 /* Resources */ = {
			isa = PBXResourcesBuildPhase;
			buildActionMask = 2147483647;
			files = (
				943EBEBE2C0209800076D253 /* bad.mp3 in Resources */,
				943EBEBF2C0209800076D253 /* BG1.mp3 in Resources */,
				943EBEC32C0209800076D253 /* jump.mp3 in Resources */,
				943EBEC42C0209800076D253 /* BGM.mp3 in Resources */,
				943EBEAE2C02094C0076D253 /* Preview Assets.xcassets in Resources */,
				943EBEBD2C0209800076D253 /* ButtonSound.mp3 in Resources */,
				943EBEAB2C02094C0076D253 /* Assets.xcassets in Resources */,
				943EBEC12C0209800076D253 /* loseMusic.mp3 in Resources */,
				943EBEC02C0209800076D253 /* winMusic.mp3 in Resources */,
				943EBEC22C0209800076D253 /* good.mp3 in Resources */,
			);
			runOnlyForDeploymentPostprocessing = 0;
		};
/* End PBXResourcesBuildPhase section */

/* Begin PBXSourcesBuildPhase section */
		943EBE9F2C02094B0076D253 /* Sources */ = {
			isa = PBXSourcesBuildPhase;
			buildActionMask = 2147483647;
			files = (
				943EBED92C0209AD0076D253 /* BackgroundViewModel.swift in Sources */,
				943EBECF2C0209980076D253 /* GameScene.swift in Sources */,
				943EBECC2C0209980076D253 /* GameOver.swift in Sources */,
				943EBED12C0209980076D253 /* setupScene.swift in Sources */,
				943EBECD2C0209980076D253 /* EnemyHandling.swift in Sources */,
				943EBED02C0209980076D253 /* setupPlayer.swift in Sources */,
				943EBED72C0209AD0076D253 /* Timer.swift in Sources */,
				943EBEA72C02094B0076D253 /* Fin_s_AdventureApp.swift in Sources */,
				943EBEDC2C0209B40076D253 /* OnboardingView.swift in Sources */,
				943EBEDD2C0209B40076D253 /* ContentView.swift in Sources */,
				943EBED82C0209AD0076D253 /* HealthBarView.swift in Sources */,
				943EBECE2C0209980076D253 /* SoundManager.swift in Sources */,
			);
			runOnlyForDeploymentPostprocessing = 0;
		};
/* End PBXSourcesBuildPhase section */

/* Begin XCBuildConfiguration section */
		943EBEAF2C02094C0076D253 /* Debug */ = {
			isa = XCBuildConfiguration;
			buildSettings = {
				ALWAYS_SEARCH_USER_PATHS = NO;
				ASSETCATALOG_COMPILER_GENERATE_SWIFT_ASSET_SYMBOL_EXTENSIONS = YES;
				CLANG_ANALYZER_NONNULL = YES;
				CLANG_ANALYZER_NUMBER_OBJECT_CONVERSION = YES_AGGRESSIVE;
				CLANG_CXX_LANGUAGE_STANDARD = "gnu++20";
				CLANG_ENABLE_MODULES = YES;
				CLANG_ENABLE_OBJC_ARC = YES;
				CLANG_ENABLE_OBJC_WEAK = YES;
				CLANG_WARN_BLOCK_CAPTURE_AUTORELEASING = YES;
				CLANG_WARN_BOOL_CONVERSION = YES;
				CLANG_WARN_COMMA = YES;
				CLANG_WARN_CONSTANT_CONVERSION = YES;
				CLANG_WARN_DEPRECATED_OBJC_IMPLEMENTATIONS = YES;
				CLANG_WARN_DIRECT_OBJC_ISA_USAGE = YES_ERROR;
				CLANG_WARN_DOCUMENTATION_COMMENTS = YES;
				CLANG_WARN_EMPTY_BODY = YES;
				CLANG_WARN_ENUM_CONVERSION = YES;
				CLANG_WARN_INFINITE_RECURSION = YES;
				CLANG_WARN_INT_CONVERSION = YES;
				CLANG_WARN_NON_LITERAL_NULL_CONVERSION = YES;
				CLANG_WARN_OBJC_IMPLICIT_RETAIN_SELF = YES;
				CLANG_WARN_OBJC_LITERAL_CONVERSION = YES;
				CLANG_WARN_OBJC_ROOT_CLASS = YES_ERROR;
				CLANG_WARN_QUOTED_INCLUDE_IN_FRAMEWORK_HEADER = YES;
				CLANG_WARN_RANGE_LOOP_ANALYSIS = YES;
				CLANG_WARN_STRICT_PROTOTYPES = YES;
				CLANG_WARN_SUSPICIOUS_MOVE = YES;
				CLANG_WARN_UNGUARDED_AVAILABILITY = YES_AGGRESSIVE;
				CLANG_WARN_UNREACHABLE_CODE = YES;
				CLANG_WARN__DUPLICATE_METHOD_MATCH = YES;
				COPY_PHASE_STRIP = NO;
				DEBUG_INFORMATION_FORMAT = dwarf;
				ENABLE_STRICT_OBJC_MSGSEND = YES;
				ENABLE_TESTABILITY = YES;
				ENABLE_USER_SCRIPT_SANDBOXING = YES;
				GCC_C_LANGUAGE_STANDARD = gnu17;
				GCC_DYNAMIC_NO_PIC = NO;
				GCC_NO_COMMON_BLOCKS = YES;
				GCC_OPTIMIZATION_LEVEL = 0;
				GCC_PREPROCESSOR_DEFINITIONS = (
					"DEBUG=1",
					"$(inherited)",
				);
				GCC_WARN_64_TO_32_BIT_CONVERSION = YES;
				GCC_WARN_ABOUT_RETURN_TYPE = YES_ERROR;
				GCC_WARN_UNDECLARED_SELECTOR = YES;
				GCC_WARN_UNINITIALIZED_AUTOS = YES_AGGRESSIVE;
				GCC_WARN_UNUSED_FUNCTION = YES;
				GCC_WARN_UNUSED_VARIABLE = YES;
				IPHONEOS_DEPLOYMENT_TARGET = 17.4;
				LOCALIZATION_PREFERS_STRING_CATALOGS = YES;
				MTL_ENABLE_DEBUG_INFO = INCLUDE_SOURCE;
				MTL_FAST_MATH = YES;
				ONLY_ACTIVE_ARCH = YES;
				SDKROOT = iphoneos;
				SWIFT_ACTIVE_COMPILATION_CONDITIONS = "DEBUG $(inherited)";
				SWIFT_OPTIMIZATION_LEVEL = "-Onone";
			};
			name = Debug;
		};
		943EBEB02C02094C0076D253 /* Release */ = {
			isa = XCBuildConfiguration;
			buildSettings = {
				ALWAYS_SEARCH_USER_PATHS = NO;
				ASSETCATALOG_COMPILER_GENERATE_SWIFT_ASSET_SYMBOL_EXTENSIONS = YES;
				CLANG_ANALYZER_NONNULL = YES;
				CLANG_ANALYZER_NUMBER_OBJECT_CONVERSION = YES_AGGRESSIVE;
				CLANG_CXX_LANGUAGE_STANDARD = "gnu++20";
				CLANG_ENABLE_MODULES = YES;
				CLANG_ENABLE_OBJC_ARC = YES;
				CLANG_ENABLE_OBJC_WEAK = YES;
				CLANG_WARN_BLOCK_CAPTURE_AUTORELEASING = YES;
				CLANG_WARN_BOOL_CONVERSION = YES;
				CLANG_WARN_COMMA = YES;
				CLANG_WARN_CONSTANT_CONVERSION = YES;
				CLANG_WARN_DEPRECATED_OBJC_IMPLEMENTATIONS = YES;
				CLANG_WARN_DIRECT_OBJC_ISA_USAGE = YES_ERROR;
				CLANG_WARN_DOCUMENTATION_COMMENTS = YES;
				CLANG_WARN_EMPTY_BODY = YES;
				CLANG_WARN_ENUM_CONVERSION = YES;
				CLANG_WARN_INFINITE_RECURSION = YES;
				CLANG_WARN_INT_CONVERSION = YES;
				CLANG_WARN_NON_LITERAL_NULL_CONVERSION = YES;
				CLANG_WARN_OBJC_IMPLICIT_RETAIN_SELF = YES;
				CLANG_WARN_OBJC_LITERAL_CONVERSION = YES;
				CLANG_WARN_OBJC_ROOT_CLASS = YES_ERROR;
				CLANG_WARN_QUOTED_INCLUDE_IN_FRAMEWORK_HEADER = YES;
				CLANG_WARN_RANGE_LOOP_ANALYSIS = YES;
				CLANG_WARN_STRICT_PROTOTYPES = YES;
				CLANG_WARN_SUSPICIOUS_MOVE = YES;
				CLANG_WARN_UNGUARDED_AVAILABILITY = YES_AGGRESSIVE;
				CLANG_WARN_UNREACHABLE_CODE = YES;
				CLANG_WARN__DUPLICATE_METHOD_MATCH = YES;
				COPY_PHASE_STRIP = NO;
				DEBUG_INFORMATION_FORMAT = "dwarf-with-dsym";
				ENABLE_NS_ASSERTIONS = NO;
				ENABLE_STRICT_OBJC_MSGSEND = YES;
				ENABLE_USER_SCRIPT_SANDBOXING = YES;
				GCC_C_LANGUAGE_STANDARD = gnu17;
				GCC_NO_COMMON_BLOCKS = YES;
				GCC_WARN_64_TO_32_BIT_CONVERSION = YES;
				GCC_WARN_ABOUT_RETURN_TYPE = YES_ERROR;
				GCC_WARN_UNDECLARED_SELECTOR = YES;
				GCC_WARN_UNINITIALIZED_AUTOS = YES_AGGRESSIVE;
				GCC_WARN_UNUSED_FUNCTION = YES;
				GCC_WARN_UNUSED_VARIABLE = YES;
				IPHONEOS_DEPLOYMENT_TARGET = 17.4;
				LOCALIZATION_PREFERS_STRING_CATALOGS = YES;
				MTL_ENABLE_DEBUG_INFO = NO;
				MTL_FAST_MATH = YES;
				SDKROOT = iphoneos;
				SWIFT_COMPILATION_MODE = wholemodule;
				VALIDATE_PRODUCT = YES;
			};
			name = Release;
		};
		943EBEB22C02094C0076D253 /* Debug */ = {
			isa = XCBuildConfiguration;
			buildSettings = {
				ASSETCATALOG_COMPILER_APPICON_NAME = AppIcon;
				ASSETCATALOG_COMPILER_GLOBAL_ACCENT_COLOR_NAME = AccentColor;
				CODE_SIGN_STYLE = Automatic;
				CURRENT_PROJECT_VERSION = 1;
				DEVELOPMENT_ASSET_PATHS = "\"Fin's Adventure/Preview Content\"";
				DEVELOPMENT_TEAM = Y64UFA9C5L;
				ENABLE_PREVIEWS = YES;
				GENERATE_INFOPLIST_FILE = YES;
				INFOPLIST_KEY_UIApplicationSceneManifest_Generation = YES;
				INFOPLIST_KEY_UIApplicationSupportsIndirectInputEvents = YES;
				INFOPLIST_KEY_UILaunchScreen_Generation = YES;
				INFOPLIST_KEY_UISupportedInterfaceOrientations_iPad = "UIInterfaceOrientationPortrait UIInterfaceOrientationPortraitUpsideDown UIInterfaceOrientationLandscapeLeft UIInterfaceOrientationLandscapeRight";
				INFOPLIST_KEY_UISupportedInterfaceOrientations_iPhone = "UIInterfaceOrientationPortrait UIInterfaceOrientationLandscapeLeft UIInterfaceOrientationLandscapeRight";
				LD_RUNPATH_SEARCH_PATHS = (
					"$(inherited)",
					"@executable_path/Frameworks",
				);
				MARKETING_VERSION = 1.0;
				PRODUCT_BUNDLE_IDENTIFIER = "Fin-s-Adventure.Fin-s-Adventure";
				PRODUCT_NAME = "$(TARGET_NAME)";
				SUPPORTED_PLATFORMS = "iphoneos iphonesimulator";
				SUPPORTS_MACCATALYST = NO;
				SUPPORTS_MAC_DESIGNED_FOR_IPHONE_IPAD = NO;
				SUPPORTS_XR_DESIGNED_FOR_IPHONE_IPAD = NO;
				SWIFT_EMIT_LOC_STRINGS = YES;
				SWIFT_VERSION = 5.0;
				TARGETED_DEVICE_FAMILY = "1,2";
			};
			name = Debug;
		};
		943EBEB32C02094C0076D253 /* Release */ = {
			isa = XCBuildConfiguration;
			buildSettings = {
				ASSETCATALOG_COMPILER_APPICON_NAME = AppIcon;
				ASSETCATALOG_COMPILER_GLOBAL_ACCENT_COLOR_NAME = AccentColor;
				CODE_SIGN_STYLE = Automatic;
				CURRENT_PROJECT_VERSION = 1;
				DEVELOPMENT_ASSET_PATHS = "\"Fin's Adventure/Preview Content\"";
				DEVELOPMENT_TEAM = Y64UFA9C5L;
				ENABLE_PREVIEWS = YES;
				GENERATE_INFOPLIST_FILE = YES;
				INFOPLIST_KEY_UIApplicationSceneManifest_Generation = YES;
				INFOPLIST_KEY_UIApplicationSupportsIndirectInputEvents = YES;
				INFOPLIST_KEY_UILaunchScreen_Generation = YES;
				INFOPLIST_KEY_UISupportedInterfaceOrientations_iPad = "UIInterfaceOrientationPortrait UIInterfaceOrientationPortraitUpsideDown UIInterfaceOrientationLandscapeLeft UIInterfaceOrientationLandscapeRight";
				INFOPLIST_KEY_UISupportedInterfaceOrientations_iPhone = "UIInterfaceOrientationPortrait UIInterfaceOrientationLandscapeLeft UIInterfaceOrientationLandscapeRight";
				LD_RUNPATH_SEARCH_PATHS = (
					"$(inherited)",
					"@executable_path/Frameworks",
				);
				MARKETING_VERSION = 1.0;
				PRODUCT_BUNDLE_IDENTIFIER = "Fin-s-Adventure.Fin-s-Adventure";
				PRODUCT_NAME = "$(TARGET_NAME)";
				SUPPORTED_PLATFORMS = "iphoneos iphonesimulator";
				SUPPORTS_MACCATALYST = NO;
				SUPPORTS_MAC_DESIGNED_FOR_IPHONE_IPAD = NO;
				SUPPORTS_XR_DESIGNED_FOR_IPHONE_IPAD = NO;
				SWIFT_EMIT_LOC_STRINGS = YES;
				SWIFT_VERSION = 5.0;
				TARGETED_DEVICE_FAMILY = "1,2";
			};
			name = Release;
		};
/* End XCBuildConfiguration section */

/* Begin XCConfigurationList section */
		943EBE9E2C02094B0076D253 /* Build configuration list for PBXProject "Fin's Adventure" */ = {
			isa = XCConfigurationList;
			buildConfigurations = (
				943EBEAF2C02094C0076D253 /* Debug */,
				943EBEB02C02094C0076D253 /* Release */,
			);
			defaultConfigurationIsVisible = 0;
			defaultConfigurationName = Release;
		};
		943EBEB12C02094C0076D253 /* Build configuration list for PBXNativeTarget "Fin's Adventure" */ = {
			isa = XCConfigurationList;
			buildConfigurations = (
				943EBEB22C02094C0076D253 /* Debug */,
				943EBEB32C02094C0076D253 /* Release */,
			);
			defaultConfigurationIsVisible = 0;
			defaultConfigurationName = Release;
		};
/* End XCConfigurationList section */
	};
	rootObject = 943EBE9B2C02094B0076D253 /* Project object */;
}
